PODS:
  - SDWebImage (5.18.6):
    - SDWebImage/Core (= 5.18.6)
  - SDWebImage/Core (5.18.6)
  - SDWebImageSwiftUI (3.0.4):
    - SDWebImage (~> 5.10)

DEPENDENCIES:
  - SDWebImageSwiftUI

SPEC REPOS:
  trunk:
    - SDWebImage
    - SDWebImageSwiftUI

SPEC CHECKSUMS:
  SDWebImage: 3d8caa2430f3d674dbb3e515df4a100a2105af5f
  SDWebImageSwiftUI: 824628d8220906aa101f62b39a7492edd138449d

PODFILE CHECKSUM: f3617082e3a5da21b7316cf9b09bd9dfb140232e

COCOAPODS: 1.11.2
